// !$*UTF8*$!
{
	archiveVersion = 1;
	classes = {
	};
	objectVersion = 52;
	objects = {

/* Begin PBXBuildFile section */
		69A0C50025F9243400170318 /* AppDelegate.swift in Sources */ = {isa = PBXBuildFile; fileRef = 69A0C4FF25F9243400170318 /* AppDelegate.swift */; };
		69A0C50225F9243400170318 /* SceneDelegate.swift in Sources */ = {isa = PBXBuildFile; fileRef = 69A0C50125F9243400170318 /* SceneDelegate.swift */; };
		69A0C50725F9243400170318 /* Main.storyboard in Resources */ = {isa = PBXBuildFile; fileRef = 69A0C50525F9243400170318 /* Main.storyboard */; };
		69A0C50925F9243800170318 /* Assets.xcassets in Resources */ = {isa = PBXBuildFile; fileRef = 69A0C50825F9243800170318 /* Assets.xcassets */; };
		69A0C50C25F9243800170318 /* LaunchScreen.storyboard in Resources */ = {isa = PBXBuildFile; fileRef = 69A0C50A25F9243800170318 /* LaunchScreen.storyboard */; };
		69A0C51825FA487E00170318 /* MainPresenter.swift in Sources */ = {isa = PBXBuildFile; fileRef = 69A0C51725FA487E00170318 /* MainPresenter.swift */; };
		69A0C51B25FA48A400170318 /* MainViewController.swift in Sources */ = {isa = PBXBuildFile; fileRef = 69A0C51A25FA48A400170318 /* MainViewController.swift */; };
		69A0C51F25FA4B0B00170318 /* WSManager.swift in Sources */ = {isa = PBXBuildFile; fileRef = 69A0C51E25FA4B0B00170318 /* WSManager.swift */; };
		69A0C52325FA4F7D00170318 /* SocketResponse.swift in Sources */ = {isa = PBXBuildFile; fileRef = 69A0C52225FA4F7D00170318 /* SocketResponse.swift */; };
		69A0C52625FB8F9300170318 /* ModuleBuilder.swift in Sources */ = {isa = PBXBuildFile; fileRef = 69A0C52525FB8F9200170318 /* ModuleBuilder.swift */; };
		69A4EF4426077B4500F18E26 /* SearchStocksViewController.swift in Sources */ = {isa = PBXBuildFile; fileRef = 69A4EF4326077B4500F18E26 /* SearchStocksViewController.swift */; };
		69A4EF4726077C6D00F18E26 /* CacheManager.swift in Sources */ = {isa = PBXBuildFile; fileRef = 69A4EF4626077C6D00F18E26 /* CacheManager.swift */; };
		69A4EF4A26079FD800F18E26 /* FavouriteProtocol.swift in Sources */ = {isa = PBXBuildFile; fileRef = 69A4EF4926079FD800F18E26 /* FavouriteProtocol.swift */; };
		69A4EF512607AC6F00F18E26 /* FavouritePresenter.swift in Sources */ = {isa = PBXBuildFile; fileRef = 69A4EF502607AC6F00F18E26 /* FavouritePresenter.swift */; };
		69A4EF552607AC8700F18E26 /* FavouriteViewController.swift in Sources */ = {isa = PBXBuildFile; fileRef = 69A4EF542607AC8700F18E26 /* FavouriteViewController.swift */; };
		69A4EF582607AF0000F18E26 /* NetworkService.swift in Sources */ = {isa = PBXBuildFile; fileRef = 69A4EF572607AF0000F18E26 /* NetworkService.swift */; };
		69A4EF5E2608FD1D00F18E26 /* SessionError.swift in Sources */ = {isa = PBXBuildFile; fileRef = 69A4EF5D2608FD1D00F18E26 /* SessionError.swift */; };
		69A4EF622608FE9D00F18E26 /* StockDayInfo.swift in Sources */ = {isa = PBXBuildFile; fileRef = 69A4EF612608FE9D00F18E26 /* StockDayInfo.swift */; };
		69A4EF66260942A400F18E26 /* SearchResponse.swift in Sources */ = {isa = PBXBuildFile; fileRef = 69A4EF65260942A400F18E26 /* SearchResponse.swift */; };
		69A4EF6D260F5A6500F18E26 /* ChartPresenter.swift in Sources */ = {isa = PBXBuildFile; fileRef = 69A4EF6C260F5A6500F18E26 /* ChartPresenter.swift */; };
		69A4EF70260F5ABD00F18E26 /* ChartViewController.swift in Sources */ = {isa = PBXBuildFile; fileRef = 69A4EF6F260F5ABD00F18E26 /* ChartViewController.swift */; };
		69A4EF7B260FA8CA00F18E26 /* Parchment in Frameworks */ = {isa = PBXBuildFile; productRef = 69A4EF7A260FA8CA00F18E26 /* Parchment */; };
		69A4EF7E26109B0100F18E26 /* PageScrollViewController.swift in Sources */ = {isa = PBXBuildFile; fileRef = 69A4EF7D26109B0000F18E26 /* PageScrollViewController.swift */; };
		69A4EF842610AB1400F18E26 /* DetailScrollViewController.swift in Sources */ = {isa = PBXBuildFile; fileRef = 69A4EF832610AB1400F18E26 /* DetailScrollViewController.swift */; };
		69A4EF882610C2AF00F18E26 /* CandleResponse.swift in Sources */ = {isa = PBXBuildFile; fileRef = 69A4EF872610C2AF00F18E26 /* CandleResponse.swift */; };
		69A4EF8F2611251500F18E26 /* SummaryViewController.swift in Sources */ = {isa = PBXBuildFile; fileRef = 69A4EF8E2611251100F18E26 /* SummaryViewController.swift */; };
		69A4EF932611256B00F18E26 /* SummaryPresenter.swift in Sources */ = {isa = PBXBuildFile; fileRef = 69A4EF922611256B00F18E26 /* SummaryPresenter.swift */; };
		69A4EF9726112BA300F18E26 /* StockProfile.swift in Sources */ = {isa = PBXBuildFile; fileRef = 69A4EF9626112BA300F18E26 /* StockProfile.swift */; };
		69A4EF9B26114EC400F18E26 /* NewsPresenter.swift in Sources */ = {isa = PBXBuildFile; fileRef = 69A4EF9A26114EC200F18E26 /* NewsPresenter.swift */; };
		69A4EF9F26114EE200F18E26 /* NewsViewController.swift in Sources */ = {isa = PBXBuildFile; fileRef = 69A4EF9E26114EE200F18E26 /* NewsViewController.swift */; };
		69A4EFA42611537F00F18E26 /* NewsViewCell.swift in Sources */ = {isa = PBXBuildFile; fileRef = 69A4EFA32611537F00F18E26 /* NewsViewCell.swift */; };
		69A4EFA826115C2900F18E26 /* NewsData.swift in Sources */ = {isa = PBXBuildFile; fileRef = 69A4EFA726115C2900F18E26 /* NewsData.swift */; };
		69A735902600FEFC00212C54 /* StocksViewCell.swift in Sources */ = {isa = PBXBuildFile; fileRef = 69A7358F2600FEFC00212C54 /* StocksViewCell.swift */; };
		D995FBDDE7329DEE16DFDA06 /* Pods_StocksApp.framework in Frameworks */ = {isa = PBXBuildFile; fileRef = 9D243F5FE86A133CE1AA90F4 /* Pods_StocksApp.framework */; };
/* End PBXBuildFile section */

/* Begin PBXFileReference section */
		69A0C4FC25F9243400170318 /* StocksApp.app */ = {isa = PBXFileReference; explicitFileType = wrapper.application; includeInIndex = 0; path = StocksApp.app; sourceTree = BUILT_PRODUCTS_DIR; };
		69A0C4FF25F9243400170318 /* AppDelegate.swift */ = {isa = PBXFileReference; lastKnownFileType = sourcecode.swift; path = AppDelegate.swift; sourceTree = "<group>"; };
		69A0C50125F9243400170318 /* SceneDelegate.swift */ = {isa = PBXFileReference; lastKnownFileType = sourcecode.swift; path = SceneDelegate.swift; sourceTree = "<group>"; };
		69A0C50625F9243400170318 /* Base */ = {isa = PBXFileReference; lastKnownFileType = file.storyboard; name = Base; path = Base.lproj/Main.storyboard; sourceTree = "<group>"; };
		69A0C50825F9243800170318 /* Assets.xcassets */ = {isa = PBXFileReference; lastKnownFileType = folder.assetcatalog; path = Assets.xcassets; sourceTree = "<group>"; };
		69A0C50B25F9243800170318 /* Base */ = {isa = PBXFileReference; lastKnownFileType = file.storyboard; name = Base; path = Base.lproj/LaunchScreen.storyboard; sourceTree = "<group>"; };
		69A0C50D25F9243800170318 /* Info.plist */ = {isa = PBXFileReference; lastKnownFileType = text.plist.xml; path = Info.plist; sourceTree = "<group>"; };
		69A0C51725FA487E00170318 /* MainPresenter.swift */ = {isa = PBXFileReference; lastKnownFileType = sourcecode.swift; path = MainPresenter.swift; sourceTree = "<group>"; };
		69A0C51A25FA48A400170318 /* MainViewController.swift */ = {isa = PBXFileReference; lastKnownFileType = sourcecode.swift; path = MainViewController.swift; sourceTree = "<group>"; };
		69A0C51E25FA4B0B00170318 /* WSManager.swift */ = {isa = PBXFileReference; lastKnownFileType = sourcecode.swift; path = WSManager.swift; sourceTree = "<group>"; };
		69A0C52225FA4F7D00170318 /* SocketResponse.swift */ = {isa = PBXFileReference; lastKnownFileType = sourcecode.swift; path = SocketResponse.swift; sourceTree = "<group>"; };
		69A0C52525FB8F9200170318 /* ModuleBuilder.swift */ = {isa = PBXFileReference; lastKnownFileType = sourcecode.swift; path = ModuleBuilder.swift; sourceTree = "<group>"; };
		69A4EF4326077B4500F18E26 /* SearchStocksViewController.swift */ = {isa = PBXFileReference; lastKnownFileType = sourcecode.swift; path = SearchStocksViewController.swift; sourceTree = "<group>"; };
		69A4EF4626077C6D00F18E26 /* CacheManager.swift */ = {isa = PBXFileReference; lastKnownFileType = sourcecode.swift; path = CacheManager.swift; sourceTree = "<group>"; };
		69A4EF4926079FD800F18E26 /* FavouriteProtocol.swift */ = {isa = PBXFileReference; lastKnownFileType = sourcecode.swift; path = FavouriteProtocol.swift; sourceTree = "<group>"; };
		69A4EF502607AC6F00F18E26 /* FavouritePresenter.swift */ = {isa = PBXFileReference; lastKnownFileType = sourcecode.swift; path = FavouritePresenter.swift; sourceTree = "<group>"; };
		69A4EF542607AC8700F18E26 /* FavouriteViewController.swift */ = {isa = PBXFileReference; lastKnownFileType = sourcecode.swift; path = FavouriteViewController.swift; sourceTree = "<group>"; };
		69A4EF572607AF0000F18E26 /* NetworkService.swift */ = {isa = PBXFileReference; lastKnownFileType = sourcecode.swift; path = NetworkService.swift; sourceTree = "<group>"; };
		69A4EF5D2608FD1D00F18E26 /* SessionError.swift */ = {isa = PBXFileReference; lastKnownFileType = sourcecode.swift; path = SessionError.swift; sourceTree = "<group>"; };
		69A4EF612608FE9D00F18E26 /* StockDayInfo.swift */ = {isa = PBXFileReference; lastKnownFileType = sourcecode.swift; path = StockDayInfo.swift; sourceTree = "<group>"; };
		69A4EF65260942A400F18E26 /* SearchResponse.swift */ = {isa = PBXFileReference; lastKnownFileType = sourcecode.swift; path = SearchResponse.swift; sourceTree = "<group>"; };
		69A4EF6C260F5A6500F18E26 /* ChartPresenter.swift */ = {isa = PBXFileReference; lastKnownFileType = sourcecode.swift; path = ChartPresenter.swift; sourceTree = "<group>"; };
		69A4EF6F260F5ABD00F18E26 /* ChartViewController.swift */ = {isa = PBXFileReference; lastKnownFileType = sourcecode.swift; path = ChartViewController.swift; sourceTree = "<group>"; };
		69A4EF7D26109B0000F18E26 /* PageScrollViewController.swift */ = {isa = PBXFileReference; lastKnownFileType = sourcecode.swift; path = PageScrollViewController.swift; sourceTree = "<group>"; };
		69A4EF832610AB1400F18E26 /* DetailScrollViewController.swift */ = {isa = PBXFileReference; lastKnownFileType = sourcecode.swift; path = DetailScrollViewController.swift; sourceTree = "<group>"; };
		69A4EF872610C2AF00F18E26 /* CandleResponse.swift */ = {isa = PBXFileReference; lastKnownFileType = sourcecode.swift; path = CandleResponse.swift; sourceTree = "<group>"; };
		69A4EF8E2611251100F18E26 /* SummaryViewController.swift */ = {isa = PBXFileReference; lastKnownFileType = sourcecode.swift; path = SummaryViewController.swift; sourceTree = "<group>"; };
		69A4EF922611256B00F18E26 /* SummaryPresenter.swift */ = {isa = PBXFileReference; lastKnownFileType = sourcecode.swift; path = SummaryPresenter.swift; sourceTree = "<group>"; };
		69A4EF9626112BA300F18E26 /* StockProfile.swift */ = {isa = PBXFileReference; lastKnownFileType = sourcecode.swift; path = StockProfile.swift; sourceTree = "<group>"; };
		69A4EF9A26114EC200F18E26 /* NewsPresenter.swift */ = {isa = PBXFileReference; lastKnownFileType = sourcecode.swift; path = NewsPresenter.swift; sourceTree = "<group>"; };
		69A4EF9E26114EE200F18E26 /* NewsViewController.swift */ = {isa = PBXFileReference; lastKnownFileType = sourcecode.swift; path = NewsViewController.swift; sourceTree = "<group>"; };
		69A4EFA32611537F00F18E26 /* NewsViewCell.swift */ = {isa = PBXFileReference; lastKnownFileType = sourcecode.swift; path = NewsViewCell.swift; sourceTree = "<group>"; };
		69A4EFA726115C2900F18E26 /* NewsData.swift */ = {isa = PBXFileReference; lastKnownFileType = sourcecode.swift; path = NewsData.swift; sourceTree = "<group>"; };
		69A7358F2600FEFC00212C54 /* StocksViewCell.swift */ = {isa = PBXFileReference; lastKnownFileType = sourcecode.swift; path = StocksViewCell.swift; sourceTree = "<group>"; };
		7C35284C62C86F869BFDC02D /* Pods-StocksApp.debug.xcconfig */ = {isa = PBXFileReference; includeInIndex = 1; lastKnownFileType = text.xcconfig; name = "Pods-StocksApp.debug.xcconfig"; path = "Target Support Files/Pods-StocksApp/Pods-StocksApp.debug.xcconfig"; sourceTree = "<group>"; };
		9D243F5FE86A133CE1AA90F4 /* Pods_StocksApp.framework */ = {isa = PBXFileReference; explicitFileType = wrapper.framework; includeInIndex = 0; path = Pods_StocksApp.framework; sourceTree = BUILT_PRODUCTS_DIR; };
		BB4974672FB06CC89322B24E /* Pods-StocksApp.release.xcconfig */ = {isa = PBXFileReference; includeInIndex = 1; lastKnownFileType = text.xcconfig; name = "Pods-StocksApp.release.xcconfig"; path = "Target Support Files/Pods-StocksApp/Pods-StocksApp.release.xcconfig"; sourceTree = "<group>"; };
/* End PBXFileReference section */

/* Begin PBXFrameworksBuildPhase section */
		69A0C4F925F9243300170318 /* Frameworks */ = {
			isa = PBXFrameworksBuildPhase;
			buildActionMask = 2147483647;
			files = (
				69A4EF7B260FA8CA00F18E26 /* Parchment in Frameworks */,
				D995FBDDE7329DEE16DFDA06 /* Pods_StocksApp.framework in Frameworks */,
			);
			runOnlyForDeploymentPostprocessing = 0;
		};
/* End PBXFrameworksBuildPhase section */

/* Begin PBXGroup section */
		4DF3F3906DAF5C225065536A /* Frameworks */ = {
			isa = PBXGroup;
			children = (
				9D243F5FE86A133CE1AA90F4 /* Pods_StocksApp.framework */,
			);
			name = Frameworks;
			sourceTree = "<group>";
		};
		69A0C4F325F9243300170318 = {
			isa = PBXGroup;
			children = (
				69A0C4FE25F9243400170318 /* StocksApp */,
				69A0C4FD25F9243400170318 /* Products */,
				ED3FD508C9422FF783B0ABE5 /* Pods */,
				4DF3F3906DAF5C225065536A /* Frameworks */,
			);
			sourceTree = "<group>";
		};
		69A0C4FD25F9243400170318 /* Products */ = {
			isa = PBXGroup;
			children = (
				69A0C4FC25F9243400170318 /* StocksApp.app */,
			);
			name = Products;
			sourceTree = "<group>";
		};
		69A0C4FE25F9243400170318 /* StocksApp */ = {
			isa = PBXGroup;
			children = (
				69A0C52525FB8F9200170318 /* ModuleBuilder.swift */,
				69A4EF7D26109B0000F18E26 /* PageScrollViewController.swift */,
				69A4EF832610AB1400F18E26 /* DetailScrollViewController.swift */,
				69A7358E2600FEDD00212C54 /* View */,
				69A0C52125FA4F5500170318 /* Model */,
				69A0C51D25FA4AF100170318 /* Services */,
				69A0C51525FA485100170318 /* Main Module */,
				69A0C51425FA483E00170318 /* Delegates */,
				69A4EF4D2607AC0500F18E26 /* Storyboards */,
				69A0C50825F9243800170318 /* Assets.xcassets */,
				69A0C50D25F9243800170318 /* Info.plist */,
				69A4EF9926114E9C00F18E26 /* NewsModule */,
				69A4EF4F2607AC3A00F18E26 /* FavouriteModule */,
				69A4EF6B260F5A3800F18E26 /* ChartModule */,
				69A4EF912611251C00F18E26 /* SummaryModule */,
			);
			path = StocksApp;
			sourceTree = "<group>";
		};
		69A0C51425FA483E00170318 /* Delegates */ = {
			isa = PBXGroup;
			children = (
				69A0C4FF25F9243400170318 /* AppDelegate.swift */,
				69A0C50125F9243400170318 /* SceneDelegate.swift */,
			);
			path = Delegates;
			sourceTree = "<group>";
		};
		69A0C51525FA485100170318 /* Main Module */ = {
			isa = PBXGroup;
			children = (
				69A0C51725FA487E00170318 /* MainPresenter.swift */,
				69A0C51A25FA48A400170318 /* MainViewController.swift */,
			);
			path = "Main Module";
			sourceTree = "<group>";
		};
		69A0C51D25FA4AF100170318 /* Services */ = {
			isa = PBXGroup;
			children = (
				69A0C51E25FA4B0B00170318 /* WSManager.swift */,
				69A4EF4626077C6D00F18E26 /* CacheManager.swift */,
				69A4EF572607AF0000F18E26 /* NetworkService.swift */,
			);
			path = Services;
			sourceTree = "<group>";
		};
		69A0C52125FA4F5500170318 /* Model */ = {
			isa = PBXGroup;
			children = (
				69A0C52225FA4F7D00170318 /* SocketResponse.swift */,
				69A4EF4926079FD800F18E26 /* FavouriteProtocol.swift */,
				69A4EF5D2608FD1D00F18E26 /* SessionError.swift */,
				69A4EF612608FE9D00F18E26 /* StockDayInfo.swift */,
				69A4EF65260942A400F18E26 /* SearchResponse.swift */,
				69A4EF872610C2AF00F18E26 /* CandleResponse.swift */,
				69A4EF9626112BA300F18E26 /* StockProfile.swift */,
			);
			path = Model;
			sourceTree = "<group>";
		};
		69A4EF4D2607AC0500F18E26 /* Storyboards */ = {
			isa = PBXGroup;
			children = (
				69A0C50525F9243400170318 /* Main.storyboard */,
				69A0C50A25F9243800170318 /* LaunchScreen.storyboard */,
			);
			path = Storyboards;
			sourceTree = "<group>";
		};
		69A4EF4F2607AC3A00F18E26 /* FavouriteModule */ = {
			isa = PBXGroup;
			children = (
				69A4EF502607AC6F00F18E26 /* FavouritePresenter.swift */,
				69A4EF542607AC8700F18E26 /* FavouriteViewController.swift */,
			);
			path = FavouriteModule;
			sourceTree = "<group>";
		};
		69A4EF6B260F5A3800F18E26 /* ChartModule */ = {
			isa = PBXGroup;
			children = (
				69A4EF6C260F5A6500F18E26 /* ChartPresenter.swift */,
				69A4EF6F260F5ABD00F18E26 /* ChartViewController.swift */,
			);
			path = ChartModule;
			sourceTree = "<group>";
		};
		69A4EF912611251C00F18E26 /* SummaryModule */ = {
			isa = PBXGroup;
			children = (
				69A4EF8E2611251100F18E26 /* SummaryViewController.swift */,
				69A4EF922611256B00F18E26 /* SummaryPresenter.swift */,
			);
			path = SummaryModule;
			sourceTree = "<group>";
		};
		69A4EF9926114E9C00F18E26 /* NewsModule */ = {
			isa = PBXGroup;
			children = (
				69A4EFA626115C0A00F18E26 /* Model */,
				69A4EFA12611534200F18E26 /* View */,
				69A4EF9A26114EC200F18E26 /* NewsPresenter.swift */,
			);
			path = NewsModule;
			sourceTree = "<group>";
		};
		69A4EFA12611534200F18E26 /* View */ = {
			isa = PBXGroup;
			children = (
				69A4EF9E26114EE200F18E26 /* NewsViewController.swift */,
				69A4EFA32611537F00F18E26 /* NewsViewCell.swift */,
			);
			path = View;
			sourceTree = "<group>";
		};
		69A4EFA626115C0A00F18E26 /* Model */ = {
			isa = PBXGroup;
			children = (
				69A4EFA726115C2900F18E26 /* NewsData.swift */,
			);
			path = Model;
			sourceTree = "<group>";
		};
		69A7358E2600FEDD00212C54 /* View */ = {
			isa = PBXGroup;
			children = (
				69A7358F2600FEFC00212C54 /* StocksViewCell.swift */,
				69A4EF4326077B4500F18E26 /* SearchStocksViewController.swift */,
			);
			path = View;
			sourceTree = "<group>";
		};
		ED3FD508C9422FF783B0ABE5 /* Pods */ = {
			isa = PBXGroup;
			children = (
				7C35284C62C86F869BFDC02D /* Pods-StocksApp.debug.xcconfig */,
				BB4974672FB06CC89322B24E /* Pods-StocksApp.release.xcconfig */,
			);
			path = Pods;
			sourceTree = "<group>";
		};
/* End PBXGroup section */

/* Begin PBXNativeTarget section */
		69A0C4FB25F9243300170318 /* StocksApp */ = {
			isa = PBXNativeTarget;
			buildConfigurationList = 69A0C51025F9243800170318 /* Build configuration list for PBXNativeTarget "StocksApp" */;
			buildPhases = (
				02361AAB43AC6869434626B8 /* [CP] Check Pods Manifest.lock */,
				69A0C4F825F9243300170318 /* Sources */,
				69A0C4F925F9243300170318 /* Frameworks */,
				69A0C4FA25F9243300170318 /* Resources */,
				53E3B1C166827FDC56FA2034 /* [CP] Embed Pods Frameworks */,
			);
			buildRules = (
			);
			dependencies = (
			);
			name = StocksApp;
			packageProductDependencies = (
				69A4EF7A260FA8CA00F18E26 /* Parchment */,
			);
			productName = StocksApp;
			productReference = 69A0C4FC25F9243400170318 /* StocksApp.app */;
			productType = "com.apple.product-type.application";
		};
/* End PBXNativeTarget section */

/* Begin PBXProject section */
		69A0C4F425F9243300170318 /* Project object */ = {
			isa = PBXProject;
			attributes = {
				LastSwiftUpdateCheck = 1230;
				LastUpgradeCheck = 1230;
				TargetAttributes = {
					69A0C4FB25F9243300170318 = {
						CreatedOnToolsVersion = 12.3;
					};
				};
			};
			buildConfigurationList = 69A0C4F725F9243300170318 /* Build configuration list for PBXProject "StocksApp" */;
			compatibilityVersion = "Xcode 9.3";
			developmentRegion = en;
			hasScannedForEncodings = 0;
			knownRegions = (
				en,
				Base,
			);
			mainGroup = 69A0C4F325F9243300170318;
			packageReferences = (
				69A4EF79260FA8CA00F18E26 /* XCRemoteSwiftPackageReference "Parchment" */,
			);
			productRefGroup = 69A0C4FD25F9243400170318 /* Products */;
			projectDirPath = "";
			projectRoot = "";
			targets = (
				69A0C4FB25F9243300170318 /* StocksApp */,
			);
		};
/* End PBXProject section */

/* Begin PBXResourcesBuildPhase section */
		69A0C4FA25F9243300170318 /* Resources */ = {
			isa = PBXResourcesBuildPhase;
			buildActionMask = 2147483647;
			files = (
				69A0C50C25F9243800170318 /* LaunchScreen.storyboard in Resources */,
				69A0C50925F9243800170318 /* Assets.xcassets in Resources */,
				69A0C50725F9243400170318 /* Main.storyboard in Resources */,
			);
			runOnlyForDeploymentPostprocessing = 0;
		};
/* End PBXResourcesBuildPhase section */

/* Begin PBXShellScriptBuildPhase section */
		02361AAB43AC6869434626B8 /* [CP] Check Pods Manifest.lock */ = {
			isa = PBXShellScriptBuildPhase;
			buildActionMask = 2147483647;
			files = (
			);
			inputFileListPaths = (
			);
			inputPaths = (
				"${PODS_PODFILE_DIR_PATH}/Podfile.lock",
				"${PODS_ROOT}/Manifest.lock",
			);
			name = "[CP] Check Pods Manifest.lock";
			outputFileListPaths = (
			);
			outputPaths = (
				"$(DERIVED_FILE_DIR)/Pods-StocksApp-checkManifestLockResult.txt",
			);
			runOnlyForDeploymentPostprocessing = 0;
			shellPath = /bin/sh;
			shellScript = "diff \"${PODS_PODFILE_DIR_PATH}/Podfile.lock\" \"${PODS_ROOT}/Manifest.lock\" > /dev/null\nif [ $? != 0 ] ; then\n    # print error to STDERR\n    echo \"error: The sandbox is not in sync with the Podfile.lock. Run 'pod install' or update your CocoaPods installation.\" >&2\n    exit 1\nfi\n# This output is used by Xcode 'outputs' to avoid re-running this script phase.\necho \"SUCCESS\" > \"${SCRIPT_OUTPUT_FILE_0}\"\n";
			showEnvVarsInLog = 0;
		};
		53E3B1C166827FDC56FA2034 /* [CP] Embed Pods Frameworks */ = {
			isa = PBXShellScriptBuildPhase;
			buildActionMask = 2147483647;
			files = (
			);
			inputFileListPaths = (
				"${PODS_ROOT}/Target Support Files/Pods-StocksApp/Pods-StocksApp-frameworks-${CONFIGURATION}-input-files.xcfilelist",
			);
			name = "[CP] Embed Pods Frameworks";
			outputFileListPaths = (
				"${PODS_ROOT}/Target Support Files/Pods-StocksApp/Pods-StocksApp-frameworks-${CONFIGURATION}-output-files.xcfilelist",
			);
			runOnlyForDeploymentPostprocessing = 0;
			shellPath = /bin/sh;
			shellScript = "\"${PODS_ROOT}/Target Support Files/Pods-StocksApp/Pods-StocksApp-frameworks.sh\"\n";
			showEnvVarsInLog = 0;
		};
/* End PBXShellScriptBuildPhase section */

/* Begin PBXSourcesBuildPhase section */
		69A0C4F825F9243300170318 /* Sources */ = {
			isa = PBXSourcesBuildPhase;
			buildActionMask = 2147483647;
			files = (
				69A4EF622608FE9D00F18E26 /* StockDayInfo.swift in Sources */,
				69A4EF7E26109B0100F18E26 /* PageScrollViewController.swift in Sources */,
				69A4EF6D260F5A6500F18E26 /* ChartPresenter.swift in Sources */,
				69A4EF9726112BA300F18E26 /* StockProfile.swift in Sources */,
				69A0C51F25FA4B0B00170318 /* WSManager.swift in Sources */,
				69A0C50025F9243400170318 /* AppDelegate.swift in Sources */,
				69A0C51825FA487E00170318 /* MainPresenter.swift in Sources */,
				69A4EF4426077B4500F18E26 /* SearchStocksViewController.swift in Sources */,
				69A4EF552607AC8700F18E26 /* FavouriteViewController.swift in Sources */,
				69A4EF4726077C6D00F18E26 /* CacheManager.swift in Sources */,
				69A4EFA826115C2900F18E26 /* NewsData.swift in Sources */,
				69A4EF70260F5ABD00F18E26 /* ChartViewController.swift in Sources */,
				69A4EF9B26114EC400F18E26 /* NewsPresenter.swift in Sources */,
				69A735902600FEFC00212C54 /* StocksViewCell.swift in Sources */,
				69A4EF66260942A400F18E26 /* SearchResponse.swift in Sources */,
				69A4EF5E2608FD1D00F18E26 /* SessionError.swift in Sources */,
				69A4EF9F26114EE200F18E26 /* NewsViewController.swift in Sources */,
				69A0C52325FA4F7D00170318 /* SocketResponse.swift in Sources */,
				69A0C52625FB8F9300170318 /* ModuleBuilder.swift in Sources */,
				69A4EF582607AF0000F18E26 /* NetworkService.swift in Sources */,
				69A0C50225F9243400170318 /* SceneDelegate.swift in Sources */,
				69A4EF4A26079FD800F18E26 /* FavouriteProtocol.swift in Sources */,
				69A4EF842610AB1400F18E26 /* DetailScrollViewController.swift in Sources */,
				69A4EF512607AC6F00F18E26 /* FavouritePresenter.swift in Sources */,
				69A4EF8F2611251500F18E26 /* SummaryViewController.swift in Sources */,
				69A0C51B25FA48A400170318 /* MainViewController.swift in Sources */,
				69A4EFA42611537F00F18E26 /* NewsViewCell.swift in Sources */,
				69A4EF882610C2AF00F18E26 /* CandleResponse.swift in Sources */,
				69A4EF932611256B00F18E26 /* SummaryPresenter.swift in Sources */,
			);
			runOnlyForDeploymentPostprocessing = 0;
		};
/* End PBXSourcesBuildPhase section */

/* Begin PBXVariantGroup section */
		69A0C50525F9243400170318 /* Main.storyboard */ = {
			isa = PBXVariantGroup;
			children = (
				69A0C50625F9243400170318 /* Base */,
			);
			name = Main.storyboard;
			sourceTree = "<group>";
		};
		69A0C50A25F9243800170318 /* LaunchScreen.storyboard */ = {
			isa = PBXVariantGroup;
			children = (
				69A0C50B25F9243800170318 /* Base */,
			);
			name = LaunchScreen.storyboard;
			sourceTree = "<group>";
		};
/* End PBXVariantGroup section */

/* Begin XCBuildConfiguration section */
		69A0C50E25F9243800170318 /* Debug */ = {
			isa = XCBuildConfiguration;
			buildSettings = {
				ALWAYS_SEARCH_USER_PATHS = NO;
				CLANG_ANALYZER_NONNULL = YES;
				CLANG_ANALYZER_NUMBER_OBJECT_CONVERSION = YES_AGGRESSIVE;
				CLANG_CXX_LANGUAGE_STANDARD = "gnu++14";
				CLANG_CXX_LIBRARY = "libc++";
				CLANG_ENABLE_MODULES = YES;
				CLANG_ENABLE_OBJC_ARC = YES;
				CLANG_ENABLE_OBJC_WEAK = YES;
				CLANG_WARN_BLOCK_CAPTURE_AUTORELEASING = YES;
				CLANG_WARN_BOOL_CONVERSION = YES;
				CLANG_WARN_COMMA = YES;
				CLANG_WARN_CONSTANT_CONVERSION = YES;
				CLANG_WARN_DEPRECATED_OBJC_IMPLEMENTATIONS = YES;
				CLANG_WARN_DIRECT_OBJC_ISA_USAGE = YES_ERROR;
				CLANG_WARN_DOCUMENTATION_COMMENTS = YES;
				CLANG_WARN_EMPTY_BODY = YES;
				CLANG_WARN_ENUM_CONVERSION = YES;
				CLANG_WARN_INFINITE_RECURSION = YES;
				CLANG_WARN_INT_CONVERSION = YES;
				CLANG_WARN_NON_LITERAL_NULL_CONVERSION = YES;
				CLANG_WARN_OBJC_IMPLICIT_RETAIN_SELF = YES;
				CLANG_WARN_OBJC_LITERAL_CONVERSION = YES;
				CLANG_WARN_OBJC_ROOT_CLASS = YES_ERROR;
				CLANG_WARN_QUOTED_INCLUDE_IN_FRAMEWORK_HEADER = YES;
				CLANG_WARN_RANGE_LOOP_ANALYSIS = YES;
				CLANG_WARN_STRICT_PROTOTYPES = YES;
				CLANG_WARN_SUSPICIOUS_MOVE = YES;
				CLANG_WARN_UNGUARDED_AVAILABILITY = YES_AGGRESSIVE;
				CLANG_WARN_UNREACHABLE_CODE = YES;
				CLANG_WARN__DUPLICATE_METHOD_MATCH = YES;
				COPY_PHASE_STRIP = NO;
				DEBUG_INFORMATION_FORMAT = dwarf;
				ENABLE_STRICT_OBJC_MSGSEND = YES;
				ENABLE_TESTABILITY = YES;
				GCC_C_LANGUAGE_STANDARD = gnu11;
				GCC_DYNAMIC_NO_PIC = NO;
				GCC_NO_COMMON_BLOCKS = YES;
				GCC_OPTIMIZATION_LEVEL = 0;
				GCC_PREPROCESSOR_DEFINITIONS = (
					"DEBUG=1",
					"$(inherited)",
				);
				GCC_WARN_64_TO_32_BIT_CONVERSION = YES;
				GCC_WARN_ABOUT_RETURN_TYPE = YES_ERROR;
				GCC_WARN_UNDECLARED_SELECTOR = YES;
				GCC_WARN_UNINITIALIZED_AUTOS = YES_AGGRESSIVE;
				GCC_WARN_UNUSED_FUNCTION = YES;
				GCC_WARN_UNUSED_VARIABLE = YES;
				IPHONEOS_DEPLOYMENT_TARGET = 14.3;
				MTL_ENABLE_DEBUG_INFO = INCLUDE_SOURCE;
				MTL_FAST_MATH = YES;
				ONLY_ACTIVE_ARCH = YES;
				SDKROOT = iphoneos;
				SWIFT_ACTIVE_COMPILATION_CONDITIONS = DEBUG;
				SWIFT_OPTIMIZATION_LEVEL = "-Onone";
			};
			name = Debug;
		};
		69A0C50F25F9243800170318 /* Release */ = {
			isa = XCBuildConfiguration;
			buildSettings = {
				ALWAYS_SEARCH_USER_PATHS = NO;
				CLANG_ANALYZER_NONNULL = YES;
				CLANG_ANALYZER_NUMBER_OBJECT_CONVERSION = YES_AGGRESSIVE;
				CLANG_CXX_LANGUAGE_STANDARD = "gnu++14";
				CLANG_CXX_LIBRARY = "libc++";
				CLANG_ENABLE_MODULES = YES;
				CLANG_ENABLE_OBJC_ARC = YES;
				CLANG_ENABLE_OBJC_WEAK = YES;
				CLANG_WARN_BLOCK_CAPTURE_AUTORELEASING = YES;
				CLANG_WARN_BOOL_CONVERSION = YES;
				CLANG_WARN_COMMA = YES;
				CLANG_WARN_CONSTANT_CONVERSION = YES;
				CLANG_WARN_DEPRECATED_OBJC_IMPLEMENTATIONS = YES;
				CLANG_WARN_DIRECT_OBJC_ISA_USAGE = YES_ERROR;
				CLANG_WARN_DOCUMENTATION_COMMENTS = YES;
				CLANG_WARN_EMPTY_BODY = YES;
				CLANG_WARN_ENUM_CONVERSION = YES;
				CLANG_WARN_INFINITE_RECURSION = YES;
				CLANG_WARN_INT_CONVERSION = YES;
				CLANG_WARN_NON_LITERAL_NULL_CONVERSION = YES;
				CLANG_WARN_OBJC_IMPLICIT_RETAIN_SELF = YES;
				CLANG_WARN_OBJC_LITERAL_CONVERSION = YES;
				CLANG_WARN_OBJC_ROOT_CLASS = YES_ERROR;
				CLANG_WARN_QUOTED_INCLUDE_IN_FRAMEWORK_HEADER = YES;
				CLANG_WARN_RANGE_LOOP_ANALYSIS = YES;
				CLANG_WARN_STRICT_PROTOTYPES = YES;
				CLANG_WARN_SUSPICIOUS_MOVE = YES;
				CLANG_WARN_UNGUARDED_AVAILABILITY = YES_AGGRESSIVE;
				CLANG_WARN_UNREACHABLE_CODE = YES;
				CLANG_WARN__DUPLICATE_METHOD_MATCH = YES;
				COPY_PHASE_STRIP = NO;
				DEBUG_INFORMATION_FORMAT = "dwarf-with-dsym";
				ENABLE_NS_ASSERTIONS = NO;
				ENABLE_STRICT_OBJC_MSGSEND = YES;
				GCC_C_LANGUAGE_STANDARD = gnu11;
				GCC_NO_COMMON_BLOCKS = YES;
				GCC_WARN_64_TO_32_BIT_CONVERSION = YES;
				GCC_WARN_ABOUT_RETURN_TYPE = YES_ERROR;
				GCC_WARN_UNDECLARED_SELECTOR = YES;
				GCC_WARN_UNINITIALIZED_AUTOS = YES_AGGRESSIVE;
				GCC_WARN_UNUSED_FUNCTION = YES;
				GCC_WARN_UNUSED_VARIABLE = YES;
				IPHONEOS_DEPLOYMENT_TARGET = 14.3;
				MTL_ENABLE_DEBUG_INFO = NO;
				MTL_FAST_MATH = YES;
				SDKROOT = iphoneos;
				SWIFT_COMPILATION_MODE = wholemodule;
				SWIFT_OPTIMIZATION_LEVEL = "-O";
				VALIDATE_PRODUCT = YES;
			};
			name = Release;
		};
		69A0C51125F9243800170318 /* Debug */ = {
			isa = XCBuildConfiguration;
			baseConfigurationReference = 7C35284C62C86F869BFDC02D /* Pods-StocksApp.debug.xcconfig */;
			buildSettings = {
				ASSETCATALOG_COMPILER_APPICON_NAME = AppIcon;
				ASSETCATALOG_COMPILER_GLOBAL_ACCENT_COLOR_NAME = AccentColor;
				CODE_SIGN_STYLE = Automatic;
				DEVELOPMENT_TEAM = 9U7X5634U9;
				INFOPLIST_FILE = StocksApp/Info.plist;
				LD_RUNPATH_SEARCH_PATHS = (
					"$(inherited)",
					"@executable_path/Frameworks",
				);
				PRODUCT_BUNDLE_IDENTIFIER = strangeGuy.StocksApp;
				PRODUCT_NAME = "$(TARGET_NAME)";
				SWIFT_VERSION = 5.0;
				TARGETED_DEVICE_FAMILY = "1,2";
			};
			name = Debug;
		};
		69A0C51225F9243800170318 /* Release */ = {
			isa = XCBuildConfiguration;
			baseConfigurationReference = BB4974672FB06CC89322B24E /* Pods-StocksApp.release.xcconfig */;
			buildSettings = {
				ASSETCATALOG_COMPILER_APPICON_NAME = AppIcon;
				ASSETCATALOG_COMPILER_GLOBAL_ACCENT_COLOR_NAME = AccentColor;
				CODE_SIGN_STYLE = Automatic;
				DEVELOPMENT_TEAM = 9U7X5634U9;
				INFOPLIST_FILE = StocksApp/Info.plist;
				LD_RUNPATH_SEARCH_PATHS = (
					"$(inherited)",
					"@executable_path/Frameworks",
				);
				PRODUCT_BUNDLE_IDENTIFIER = strangeGuy.StocksApp;
				PRODUCT_NAME = "$(TARGET_NAME)";
				SWIFT_VERSION = 5.0;
				TARGETED_DEVICE_FAMILY = "1,2";
			};
			name = Release;
		};
/* End XCBuildConfiguration section */

/* Begin XCConfigurationList section */
		69A0C4F725F9243300170318 /* Build configuration list for PBXProject "StocksApp" */ = {
			isa = XCConfigurationList;
			buildConfigurations = (
				69A0C50E25F9243800170318 /* Debug */,
				69A0C50F25F9243800170318 /* Release */,
			);
			defaultConfigurationIsVisible = 0;
			defaultConfigurationName = Release;
		};
		69A0C51025F9243800170318 /* Build configuration list for PBXNativeTarget "StocksApp" */ = {
			isa = XCConfigurationList;
			buildConfigurations = (
				69A0C51125F9243800170318 /* Debug */,
				69A0C51225F9243800170318 /* Release */,
			);
			defaultConfigurationIsVisible = 0;
			defaultConfigurationName = Release;
		};
/* End XCConfigurationList section */

/* Begin XCRemoteSwiftPackageReference section */
		69A4EF79260FA8CA00F18E26 /* XCRemoteSwiftPackageReference "Parchment" */ = {
			isa = XCRemoteSwiftPackageReference;
			repositoryURL = "https://github.com/rechsteiner/Parchment";
			requirement = {
				kind = upToNextMajorVersion;
				minimumVersion = 3.0.1;
			};
		};
/* End XCRemoteSwiftPackageReference section */

/* Begin XCSwiftPackageProductDependency section */
		69A4EF7A260FA8CA00F18E26 /* Parchment */ = {
			isa = XCSwiftPackageProductDependency;
			package = 69A4EF79260FA8CA00F18E26 /* XCRemoteSwiftPackageReference "Parchment" */;
			productName = Parchment;
		};
/* End XCSwiftPackageProductDependency section */
	};
	rootObject = 69A0C4F425F9243300170318 /* Project object */;
}
